
Microsoft Visual Studio Solution File, Format Version 12.00
# Visual Studio Version 17
VisualStudioVersion = 17.8.34330.188
MinimumVisualStudioVersion = 10.0.40219.1
Project("{FAE04EC0-301F-11D3-BF4B-00C04F79EFBC}") = "prac2", "prac2\prac2.csproj", "{92F28537-7BCC-4636-9709-FF4421FD6BCA}"
EndProject
Global
	GlobalSection(SolutionConfigurationPlatforms) = preSolution
		Debug|Any CPU = Debug|Any CPU
		Release|Any CPU = Release|Any CPU
	EndGlobalSection
	GlobalSection(ProjectConfigurationPlatforms) = postSolution
		{92F28537-7BCC-4636-9709-FF4421FD6BCA}.Debug|Any CPU.ActiveCfg = Debug|Any CPU
		{92F28537-7BCC-4636-9709-FF4421FD6BCA}.Debug|Any CPU.Build.0 = Debug|Any CPU
		{92F28537-7BCC-4636-9709-FF4421FD6BCA}.Release|Any CPU.ActiveCfg = Release|Any CPU
		{92F28537-7BCC-4636-9709-FF4421FD6BCA}.Release|Any CPU.Build.0 = Release|Any CPU
	EndGlobalSection
	GlobalSection(SolutionProperties) = preSolution
		HideSolutionNode = FALSE
	EndGlobalSection
	GlobalSection(ExtensibilityGlobals) = postSolution
		SolutionGuid = {54FC3518-EB1E-4DCF-BCE2-0160D60BB77F}
	EndGlobalSection
EndGlobal
